
Microsoft Visual Studio Solution File, Format Version 12.00
# Visual Studio Version 18
VisualStudioVersion = 18.5.11626.173
MinimumVisualStudioVersion = 17.8.0.0
Project("{9A19103F-16F7-4668-BE54-9A1E7A4F7556}") = "AspireApp.AppHost", "AspireApp.AppHost\AspireApp.AppHost.csproj", "{E760C5CB-D052-4898-8E67-0DEE33579B68}"
EndProject
Project("{9A19103F-16F7-4668-BE54-9A1E7A4F7556}") = "AspireApp.ServiceDefaults", "AspireApp.ServiceDefaults\AspireApp.ServiceDefaults.csproj", "{D00CF0BE-93E6-4F40-AF14-64039B03CDEB}"
EndProject
Project("{9A19103F-16F7-4668-BE54-9A1E7A4F7556}") = "AspireApp.ApiService", "AspireApp.ApiService\AspireApp.ApiService.csproj", "{8358725A-E361-4EC1-888A-AB0022090494}"
EndProject
Project("{9A19103F-16F7-4668-BE54-9A1E7A4F7556}") = "AspireApp.Web", "AspireApp.Web\AspireApp.Web.csproj", "{38CC9BEA-A13D-4FB5-83AE-2593027AE862}"
EndProject
Project("{2150E333-8FDC-42A3-9474-1A3956D46DE8}") = "Weather", "Weather", "{D78AF91F-700C-60D9-EEB2-7F5F8B7B0AD8}"
EndProject
Project("{FAE04EC0-301F-11D3-BF4B-00C04F79EFBC}") = "Weather.Domain", "Weather\Weather.Domain\Weather.Domain.csproj", "{E04201A7-F32E-4824-9503-F19A4798D9BB}"
EndProject
Project("{FAE04EC0-301F-11D3-BF4B-00C04F79EFBC}") = "Weather.Application", "Weather\Weather.Application\Weather.Application.csproj", "{B4699A45-A33C-46CE-AC49-6B3F9BCE2925}"
EndProject
Project("{FAE04EC0-301F-11D3-BF4B-00C04F79EFBC}") = "Weather.Infrastructure", "Weather\Weather.Infrastructure\Weather.Infrastructure.csproj", "{39588261-9498-4C8C-8800-2558D6216011}"
EndProject
Project("{FAE04EC0-301F-11D3-BF4B-00C04F79EFBC}") = "Weather.API", "Weather\Weather.API\Weather.API.csproj", "{40002836-A83D-45AF-96CC-A66E867714D0}"
EndProject
Project("{2150E333-8FDC-42A3-9474-1A3956D46DE8}") = "src", "src", "{827E0CD3-B72D-47B6-A68D-7590B98EB39B}"
EndProject
Project("{2150E333-8FDC-42A3-9474-1A3956D46DE8}") = "BuildingBlocks", "BuildingBlocks", "{90298CBA-BD6F-3A0A-69D5-97CAD7B05E7E}"
EndProject
Project("{2150E333-8FDC-42A3-9474-1A3956D46DE8}") = "Abstractions", "Abstractions", "{C92A0B3C-F306-3651-C119-886307923D07}"
EndProject
Project("{FAE04EC0-301F-11D3-BF4B-00C04F79EFBC}") = "BuildingBlocks.Abstractions", "src\BuildingBlocks\Abstractions\BuildingBlocks.Abstractions.csproj", "{954718CD-D33E-42E8-8353-87476DF3344F}"
EndProject
Project("{2150E333-8FDC-42A3-9474-1A3956D46DE8}") = "Core", "Core", "{7B461155-3BF7-0273-94FD-6F87250669C5}"
EndProject
Project("{FAE04EC0-301F-11D3-BF4B-00C04F79EFBC}") = "BuildingBlocks.Core", "src\BuildingBlocks\Core\BuildingBlocks.Core.csproj", "{B3C130BA-9395-49F2-B4AF-964D7342E453}"
EndProject
Project("{2150E333-8FDC-42A3-9474-1A3956D46DE8}") = "Validation", "Validation", "{FBCB9EA0-C758-AB0B-6B9F-6A07F8B4A270}"
EndProject
Project("{FAE04EC0-301F-11D3-BF4B-00C04F79EFBC}") = "BuildingBlocks.Validation", "src\BuildingBlocks\Validation\BuildingBlocks.Validation.csproj", "{3243F7A8-A212-4823-8EC7-D35403AC73AF}"
EndProject
Project("{2150E333-8FDC-42A3-9474-1A3956D46DE8}") = "Persistence.EfCore", "Persistence.EfCore", "{FF09CDE4-9C90-4AA9-CAAF-436515FE25DC}"
EndProject
Project("{FAE04EC0-301F-11D3-BF4B-00C04F79EFBC}") = "BuildingBlocks.Persistence.EfCore", "src\BuildingBlocks\Persistence.EfCore\BuildingBlocks.Persistence.EfCore.csproj", "{48904E4D-4FB3-4366-810C-1EDDBC9A1362}"
EndProject
Project("{2150E333-8FDC-42A3-9474-1A3956D46DE8}") = "Caching", "Caching", "{5900FCD0-EA1D-761C-9B66-C5EADC046E86}"
EndProject
Project("{FAE04EC0-301F-11D3-BF4B-00C04F79EFBC}") = "BuildingBlocks.Caching", "src\BuildingBlocks\Caching\BuildingBlocks.Caching.csproj", "{5E4F11AE-774F-4DF9-B13F-C2EC7A57636C}"
EndProject
Project("{2150E333-8FDC-42A3-9474-1A3956D46DE8}") = "Messaging.MassTransit", "Messaging.MassTransit", "{66C775CD-1A74-B73C-A9E1-80C402B5935A}"
EndProject
Project("{FAE04EC0-301F-11D3-BF4B-00C04F79EFBC}") = "BuildingBlocks.Messaging.MassTransit", "src\BuildingBlocks\Messaging.MassTransit\BuildingBlocks.Messaging.MassTransit.csproj", "{86550C5E-D9FE-4573-90A1-A385233F5985}"
EndProject
Project("{2150E333-8FDC-42A3-9474-1A3956D46DE8}") = "Security", "Security", "{5F6796A4-F063-F4DF-30E2-92F5062D16E2}"
EndProject
Project("{FAE04EC0-301F-11D3-BF4B-00C04F79EFBC}") = "BuildingBlocks.Security", "src\BuildingBlocks\Security\BuildingBlocks.Security.csproj", "{31546263-099B-403B-93A5-B10005EA7E64}"
EndProject
Project("{2150E333-8FDC-42A3-9474-1A3956D46DE8}") = "OpenApi", "OpenApi", "{01CB4EA9-E1B3-2E39-98D8-9E453CDD0374}"
EndProject
Project("{FAE04EC0-301F-11D3-BF4B-00C04F79EFBC}") = "BuildingBlocks.OpenApi", "src\BuildingBlocks\OpenApi\BuildingBlocks.OpenApi.csproj", "{5985B5B1-33B8-4675-822B-6CA659C72A8A}"
EndProject
Project("{2150E333-8FDC-42A3-9474-1A3956D46DE8}") = "SerilogLogging", "SerilogLogging", "{C688067A-2AF6-AE8D-4C59-CC60062209BC}"
EndProject
Project("{FAE04EC0-301F-11D3-BF4B-00C04F79EFBC}") = "BuildingBlocks.SerilogLogging", "src\BuildingBlocks\SerilogLogging\BuildingBlocks.SerilogLogging.csproj", "{17EDC7FD-1202-44BC-B2F5-E9F5614D037D}"
EndProject
Project("{2150E333-8FDC-42A3-9474-1A3956D46DE8}") = "Persistence.Mongo", "Persistence.Mongo", "{D39B6A55-12F2-DC5B-7FAD-086DF139DAA1}"
EndProject
Project("{FAE04EC0-301F-11D3-BF4B-00C04F79EFBC}") = "BuildingBlocks.Persistence.Mongo", "src\BuildingBlocks\Persistence.Mongo\BuildingBlocks.Persistence.Mongo.csproj", "{0A0EF666-F3B6-496D-8AC6-B331FEA10679}"
EndProject
Project("{2150E333-8FDC-42A3-9474-1A3956D46DE8}") = "Storage.MinIO", "Storage.MinIO", "{6D95ABC4-7827-C0F7-0CDA-596EC594E7FF}"
EndProject
Project("{FAE04EC0-301F-11D3-BF4B-00C04F79EFBC}") = "BuildingBlocks.Storage.MinIO", "src\BuildingBlocks\Storage.MinIO\BuildingBlocks.Storage.MinIO.csproj", "{0D20BCDD-6733-4272-9C46-04B1ABFDBA01}"
EndProject
Project("{2150E333-8FDC-42A3-9474-1A3956D46DE8}") = "Payment", "Payment", "{A8D88259-3C3F-46D4-AE92-2B65D6AB2C16}"
EndProject
Project("{FAE04EC0-301F-11D3-BF4B-00C04F79EFBC}") = "Payment.Domain", "Payment\Payment.Domain\Payment.Domain.csproj", "{50C63B9E-9151-4BA9-B4A5-81A231E6D247}"
EndProject
Project("{FAE04EC0-301F-11D3-BF4B-00C04F79EFBC}") = "Payment.Application", "Payment\Payment.Application\Payment.Application.csproj", "{E8B6D299-0036-48CB-8EC1-3940F3A524E1}"
EndProject
Project("{FAE04EC0-301F-11D3-BF4B-00C04F79EFBC}") = "Payment.Infrastructure", "Payment\Payment.Infrastructure\Payment.Infrastructure.csproj", "{2F061903-C1CF-4D7F-9CBA-43AB7DE0BAE7}"
EndProject
Project("{FAE04EC0-301F-11D3-BF4B-00C04F79EFBC}") = "Payment.API", "Payment\Payment.API\Payment.API.csproj", "{65798B89-6A08-42EA-B755-97EF15475F82}"
EndProject
Global
	GlobalSection(SolutionConfigurationPlatforms) = preSolution
		Debug|Any CPU = Debug|Any CPU
		Debug|x64 = Debug|x64
		Debug|x86 = Debug|x86
		Release|Any CPU = Release|Any CPU
		Release|x64 = Release|x64
		Release|x86 = Release|x86
	EndGlobalSection
	GlobalSection(ProjectConfigurationPlatforms) = postSolution
		{50C63B9E-9151-4BA9-B4A5-81A231E6D247}.Debug|Any CPU.ActiveCfg = Debug|Any CPU
		{50C63B9E-9151-4BA9-B4A5-81A231E6D247}.Debug|Any CPU.Build.0 = Debug|Any CPU
		{50C63B9E-9151-4BA9-B4A5-81A231E6D247}.Debug|x64.ActiveCfg = Debug|Any CPU
		{50C63B9E-9151-4BA9-B4A5-81A231E6D247}.Debug|x64.Build.0 = Debug|Any CPU
		{50C63B9E-9151-4BA9-B4A5-81A231E6D247}.Debug|x86.ActiveCfg = Debug|Any CPU
		{50C63B9E-9151-4BA9-B4A5-81A231E6D247}.Debug|x86.Build.0 = Debug|Any CPU
		{50C63B9E-9151-4BA9-B4A5-81A231E6D247}.Release|Any CPU.ActiveCfg = Release|Any CPU
		{50C63B9E-9151-4BA9-B4A5-81A231E6D247}.Release|Any CPU.Build.0 = Release|Any CPU
		{50C63B9E-9151-4BA9-B4A5-81A231E6D247}.Release|x64.ActiveCfg = Release|Any CPU
		{50C63B9E-9151-4BA9-B4A5-81A231E6D247}.Release|x64.Build.0 = Release|Any CPU
		{50C63B9E-9151-4BA9-B4A5-81A231E6D247}.Release|x86.ActiveCfg = Release|Any CPU
		{50C63B9E-9151-4BA9-B4A5-81A231E6D247}.Release|x86.Build.0 = Release|Any CPU
		{E8B6D299-0036-48CB-8EC1-3940F3A524E1}.Debug|Any CPU.ActiveCfg = Debug|Any CPU
		{E8B6D299-0036-48CB-8EC1-3940F3A524E1}.Debug|Any CPU.Build.0 = Debug|Any CPU
		{E8B6D299-0036-48CB-8EC1-3940F3A524E1}.Debug|x64.ActiveCfg = Debug|Any CPU
		{E8B6D299-0036-48CB-8EC1-3940F3A524E1}.Debug|x64.Build.0 = Debug|Any CPU
		{E8B6D299-0036-48CB-8EC1-3940F3A524E1}.Debug|x86.ActiveCfg = Debug|Any CPU
		{E8B6D299-0036-48CB-8EC1-3940F3A524E1}.Debug|x86.Build.0 = Debug|Any CPU
		{E8B6D299-0036-48CB-8EC1-3940F3A524E1}.Release|Any CPU.ActiveCfg = Release|Any CPU
		{E8B6D299-0036-48CB-8EC1-3940F3A524E1}.Release|Any CPU.Build.0 = Release|Any CPU
		{E8B6D299-0036-48CB-8EC1-3940F3A524E1}.Release|x64.ActiveCfg = Release|Any CPU
		{E8B6D299-0036-48CB-8EC1-3940F3A524E1}.Release|x64.Build.0 = Release|Any CPU
		{E8B6D299-0036-48CB-8EC1-3940F3A524E1}.Release|x86.ActiveCfg = Release|Any CPU
		{E8B6D299-0036-48CB-8EC1-3940F3A524E1}.Release|x86.Build.0 = Release|Any CPU
		{2F061903-C1CF-4D7F-9CBA-43AB7DE0BAE7}.Debug|Any CPU.ActiveCfg = Debug|Any CPU
		{2F061903-C1CF-4D7F-9CBA-43AB7DE0BAE7}.Debug|Any CPU.Build.0 = Debug|Any CPU
		{2F061903-C1CF-4D7F-9CBA-43AB7DE0BAE7}.Debug|x64.ActiveCfg = Debug|Any CPU
		{2F061903-C1CF-4D7F-9CBA-43AB7DE0BAE7}.Debug|x64.Build.0 = Debug|Any CPU
		{2F061903-C1CF-4D7F-9CBA-43AB7DE0BAE7}.Debug|x86.ActiveCfg = Debug|Any CPU
		{2F061903-C1CF-4D7F-9CBA-43AB7DE0BAE7}.Debug|x86.Build.0 = Debug|Any CPU
		{2F061903-C1CF-4D7F-9CBA-43AB7DE0BAE7}.Release|Any CPU.ActiveCfg = Release|Any CPU
		{2F061903-C1CF-4D7F-9CBA-43AB7DE0BAE7}.Release|Any CPU.Build.0 = Release|Any CPU
		{2F061903-C1CF-4D7F-9CBA-43AB7DE0BAE7}.Release|x64.ActiveCfg = Release|Any CPU
		{2F061903-C1CF-4D7F-9CBA-43AB7DE0BAE7}.Release|x64.Build.0 = Release|Any CPU
		{2F061903-C1CF-4D7F-9CBA-43AB7DE0BAE7}.Release|x86.ActiveCfg = Release|Any CPU
		{2F061903-C1CF-4D7F-9CBA-43AB7DE0BAE7}.Release|x86.Build.0 = Release|Any CPU
		{65798B89-6A08-42EA-B755-97EF15475F82}.Debug|Any CPU.ActiveCfg = Debug|Any CPU
		{65798B89-6A08-42EA-B755-97EF15475F82}.Debug|Any CPU.Build.0 = Debug|Any CPU
		{65798B89-6A08-42EA-B755-97EF15475F82}.Debug|x64.ActiveCfg = Debug|Any CPU
		{65798B89-6A08-42EA-B755-97EF15475F82}.Debug|x64.Build.0 = Debug|Any CPU
		{65798B89-6A08-42EA-B755-97EF15475F82}.Debug|x86.ActiveCfg = Debug|Any CPU
		{65798B89-6A08-42EA-B755-97EF15475F82}.Debug|x86.Build.0 = Debug|Any CPU
		{65798B89-6A08-42EA-B755-97EF15475F82}.Release|Any CPU.ActiveCfg = Release|Any CPU
		{65798B89-6A08-42EA-B755-97EF15475F82}.Release|Any CPU.Build.0 = Release|Any CPU
		{65798B89-6A08-42EA-B755-97EF15475F82}.Release|x64.ActiveCfg = Release|Any CPU
		{65798B89-6A08-42EA-B755-97EF15475F82}.Release|x64.Build.0 = Release|Any CPU
		{65798B89-6A08-42EA-B755-97EF15475F82}.Release|x86.ActiveCfg = Release|Any CPU
		{65798B89-6A08-42EA-B755-97EF15475F82}.Release|x86.Build.0 = Release|Any CPU
		{E760C5CB-D052-4898-8E67-0DEE33579B68}.Debug|Any CPU.ActiveCfg = Debug|Any CPU
		{E760C5CB-D052-4898-8E67-0DEE33579B68}.Debug|Any CPU.Build.0 = Debug|Any CPU
		{E760C5CB-D052-4898-8E67-0DEE33579B68}.Debug|x64.ActiveCfg = Debug|Any CPU
		{E760C5CB-D052-4898-8E67-0DEE33579B68}.Debug|x64.Build.0 = Debug|Any CPU
		{E760C5CB-D052-4898-8E67-0DEE33579B68}.Debug|x86.ActiveCfg = Debug|Any CPU
		{E760C5CB-D052-4898-8E67-0DEE33579B68}.Debug|x86.Build.0 = Debug|Any CPU
		{E760C5CB-D052-4898-8E67-0DEE33579B68}.Release|Any CPU.ActiveCfg = Release|Any CPU
		{E760C5CB-D052-4898-8E67-0DEE33579B68}.Release|Any CPU.Build.0 = Release|Any CPU
		{E760C5CB-D052-4898-8E67-0DEE33579B68}.Release|x64.ActiveCfg = Release|Any CPU
		{E760C5CB-D052-4898-8E67-0DEE33579B68}.Release|x64.Build.0 = Release|Any CPU
		{E760C5CB-D052-4898-8E67-0DEE33579B68}.Release|x86.ActiveCfg = Release|Any CPU
		{E760C5CB-D052-4898-8E67-0DEE33579B68}.Release|x86.Build.0 = Release|Any CPU
		{D00CF0BE-93E6-4F40-AF14-64039B03CDEB}.Debug|Any CPU.ActiveCfg = Debug|Any CPU
		{D00CF0BE-93E6-4F40-AF14-64039B03CDEB}.Debug|Any CPU.Build.0 = Debug|Any CPU
		{D00CF0BE-93E6-4F40-AF14-64039B03CDEB}.Debug|x64.ActiveCfg = Debug|Any CPU
		{D00CF0BE-93E6-4F40-AF14-64039B03CDEB}.Debug|x64.Build.0 = Debug|Any CPU
		{D00CF0BE-93E6-4F40-AF14-64039B03CDEB}.Debug|x86.ActiveCfg = Debug|Any CPU
		{D00CF0BE-93E6-4F40-AF14-64039B03CDEB}.Debug|x86.Build.0 = Debug|Any CPU
		{D00CF0BE-93E6-4F40-AF14-64039B03CDEB}.Release|Any CPU.ActiveCfg = Release|Any CPU
		{D00CF0BE-93E6-4F40-AF14-64039B03CDEB}.Release|Any CPU.Build.0 = Release|Any CPU
		{D00CF0BE-93E6-4F40-AF14-64039B03CDEB}.Release|x64.ActiveCfg = Release|Any CPU
		{D00CF0BE-93E6-4F40-AF14-64039B03CDEB}.Release|x64.Build.0 = Release|Any CPU
		{D00CF0BE-93E6-4F40-AF14-64039B03CDEB}.Release|x86.ActiveCfg = Release|Any CPU
		{D00CF0BE-93E6-4F40-AF14-64039B03CDEB}.Release|x86.Build.0 = Release|Any CPU
		{8358725A-E361-4EC1-888A-AB0022090494}.Debug|Any CPU.ActiveCfg = Debug|Any CPU
		{8358725A-E361-4EC1-888A-AB0022090494}.Debug|Any CPU.Build.0 = Debug|Any CPU
		{8358725A-E361-4EC1-888A-AB0022090494}.Debug|x64.ActiveCfg = Debug|Any CPU
		{8358725A-E361-4EC1-888A-AB0022090494}.Debug|x64.Build.0 = Debug|Any CPU
		{8358725A-E361-4EC1-888A-AB0022090494}.Debug|x86.ActiveCfg = Debug|Any CPU
		{8358725A-E361-4EC1-888A-AB0022090494}.Debug|x86.Build.0 = Debug|Any CPU
		{8358725A-E361-4EC1-888A-AB0022090494}.Release|Any CPU.ActiveCfg = Release|Any CPU
		{8358725A-E361-4EC1-888A-AB0022090494}.Release|Any CPU.Build.0 = Release|Any CPU
		{8358725A-E361-4EC1-888A-AB0022090494}.Release|x64.ActiveCfg = Release|Any CPU
		{8358725A-E361-4EC1-888A-AB0022090494}.Release|x64.Build.0 = Release|Any CPU
		{8358725A-E361-4EC1-888A-AB0022090494}.Release|x86.ActiveCfg = Release|Any CPU
		{8358725A-E361-4EC1-888A-AB0022090494}.Release|x86.Build.0 = Release|Any CPU
		{38CC9BEA-A13D-4FB5-83AE-2593027AE862}.Debug|Any CPU.ActiveCfg = Debug|Any CPU
		{38CC9BEA-A13D-4FB5-83AE-2593027AE862}.Debug|Any CPU.Build.0 = Debug|Any CPU
		{38CC9BEA-A13D-4FB5-83AE-2593027AE862}.Debug|x64.ActiveCfg = Debug|Any CPU
		{38CC9BEA-A13D-4FB5-83AE-2593027AE862}.Debug|x64.Build.0 = Debug|Any CPU
		{38CC9BEA-A13D-4FB5-83AE-2593027AE862}.Debug|x86.ActiveCfg = Debug|Any CPU
		{38CC9BEA-A13D-4FB5-83AE-2593027AE862}.Debug|x86.Build.0 = Debug|Any CPU
		{38CC9BEA-A13D-4FB5-83AE-2593027AE862}.Release|Any CPU.ActiveCfg = Release|Any CPU
		{38CC9BEA-A13D-4FB5-83AE-2593027AE862}.Release|Any CPU.Build.0 = Release|Any CPU
		{38CC9BEA-A13D-4FB5-83AE-2593027AE862}.Release|x64.ActiveCfg = Release|Any CPU
		{38CC9BEA-A13D-4FB5-83AE-2593027AE862}.Release|x64.Build.0 = Release|Any CPU
		{38CC9BEA-A13D-4FB5-83AE-2593027AE862}.Release|x86.ActiveCfg = Release|Any CPU
		{38CC9BEA-A13D-4FB5-83AE-2593027AE862}.Release|x86.Build.0 = Release|Any CPU
		{E04201A7-F32E-4824-9503-F19A4798D9BB}.Debug|Any CPU.ActiveCfg = Debug|Any CPU
		{E04201A7-F32E-4824-9503-F19A4798D9BB}.Debug|Any CPU.Build.0 = Debug|Any CPU
		{E04201A7-F32E-4824-9503-F19A4798D9BB}.Debug|x64.ActiveCfg = Debug|Any CPU
		{E04201A7-F32E-4824-9503-F19A4798D9BB}.Debug|x64.Build.0 = Debug|Any CPU
		{E04201A7-F32E-4824-9503-F19A4798D9BB}.Debug|x86.ActiveCfg = Debug|Any CPU
		{E04201A7-F32E-4824-9503-F19A4798D9BB}.Debug|x86.Build.0 = Debug|Any CPU
		{E04201A7-F32E-4824-9503-F19A4798D9BB}.Release|Any CPU.ActiveCfg = Release|Any CPU
		{E04201A7-F32E-4824-9503-F19A4798D9BB}.Release|Any CPU.Build.0 = Release|Any CPU
		{E04201A7-F32E-4824-9503-F19A4798D9BB}.Release|x64.ActiveCfg = Release|Any CPU
		{E04201A7-F32E-4824-9503-F19A4798D9BB}.Release|x64.Build.0 = Release|Any CPU
		{E04201A7-F32E-4824-9503-F19A4798D9BB}.Release|x86.ActiveCfg = Release|Any CPU
		{E04201A7-F32E-4824-9503-F19A4798D9BB}.Release|x86.Build.0 = Release|Any CPU
		{B4699A45-A33C-46CE-AC49-6B3F9BCE2925}.Debug|Any CPU.ActiveCfg = Debug|Any CPU
		{B4699A45-A33C-46CE-AC49-6B3F9BCE2925}.Debug|Any CPU.Build.0 = Debug|Any CPU
		{B4699A45-A33C-46CE-AC49-6B3F9BCE2925}.Debug|x64.ActiveCfg = Debug|Any CPU
		{B4699A45-A33C-46CE-AC49-6B3F9BCE2925}.Debug|x64.Build.0 = Debug|Any CPU
		{B4699A45-A33C-46CE-AC49-6B3F9BCE2925}.Debug|x86.ActiveCfg = Debug|Any CPU
		{B4699A45-A33C-46CE-AC49-6B3F9BCE2925}.Debug|x86.Build.0 = Debug|Any CPU
		{B4699A45-A33C-46CE-AC49-6B3F9BCE2925}.Release|Any CPU.ActiveCfg = Release|Any CPU
		{B4699A45-A33C-46CE-AC49-6B3F9BCE2925}.Release|Any CPU.Build.0 = Release|Any CPU
		{B4699A45-A33C-46CE-AC49-6B3F9BCE2925}.Release|x64.ActiveCfg = Release|Any CPU
		{B4699A45-A33C-46CE-AC49-6B3F9BCE2925}.Release|x64.Build.0 = Release|Any CPU
		{B4699A45-A33C-46CE-AC49-6B3F9BCE2925}.Release|x86.ActiveCfg = Release|Any CPU
		{B4699A45-A33C-46CE-AC49-6B3F9BCE2925}.Release|x86.Build.0 = Release|Any CPU
		{39588261-9498-4C8C-8800-2558D6216011}.Debug|Any CPU.ActiveCfg = Debug|Any CPU
		{39588261-9498-4C8C-8800-2558D6216011}.Debug|Any CPU.Build.0 = Debug|Any CPU
		{39588261-9498-4C8C-8800-2558D6216011}.Debug|x64.ActiveCfg = Debug|Any CPU
		{39588261-9498-4C8C-8800-2558D6216011}.Debug|x64.Build.0 = Debug|Any CPU
		{39588261-9498-4C8C-8800-2558D6216011}.Debug|x86.ActiveCfg = Debug|Any CPU
		{39588261-9498-4C8C-8800-2558D6216011}.Debug|x86.Build.0 = Debug|Any CPU
		{39588261-9498-4C8C-8800-2558D6216011}.Release|Any CPU.ActiveCfg = Release|Any CPU
		{39588261-9498-4C8C-8800-2558D6216011}.Release|Any CPU.Build.0 = Release|Any CPU
		{39588261-9498-4C8C-8800-2558D6216011}.Release|x64.ActiveCfg = Release|Any CPU
		{39588261-9498-4C8C-8800-2558D6216011}.Release|x64.Build.0 = Release|Any CPU
		{39588261-9498-4C8C-8800-2558D6216011}.Release|x86.ActiveCfg = Release|Any CPU
		{39588261-9498-4C8C-8800-2558D6216011}.Release|x86.Build.0 = Release|Any CPU
		{40002836-A83D-45AF-96CC-A66E867714D0}.Debug|Any CPU.ActiveCfg = Debug|Any CPU
		{40002836-A83D-45AF-96CC-A66E867714D0}.Debug|Any CPU.Build.0 = Debug|Any CPU
		{40002836-A83D-45AF-96CC-A66E867714D0}.Debug|x64.ActiveCfg = Debug|Any CPU
		{40002836-A83D-45AF-96CC-A66E867714D0}.Debug|x64.Build.0 = Debug|Any CPU
		{40002836-A83D-45AF-96CC-A66E867714D0}.Debug|x86.ActiveCfg = Debug|Any CPU
		{40002836-A83D-45AF-96CC-A66E867714D0}.Debug|x86.Build.0 = Debug|Any CPU
		{40002836-A83D-45AF-96CC-A66E867714D0}.Release|Any CPU.ActiveCfg = Release|Any CPU
		{40002836-A83D-45AF-96CC-A66E867714D0}.Release|Any CPU.Build.0 = Release|Any CPU
		{40002836-A83D-45AF-96CC-A66E867714D0}.Release|x64.ActiveCfg = Release|Any CPU
		{40002836-A83D-45AF-96CC-A66E867714D0}.Release|x64.Build.0 = Release|Any CPU
		{40002836-A83D-45AF-96CC-A66E867714D0}.Release|x86.ActiveCfg = Release|Any CPU
		{40002836-A83D-45AF-96CC-A66E867714D0}.Release|x86.Build.0 = Release|Any CPU
		{954718CD-D33E-42E8-8353-87476DF3344F}.Debug|Any CPU.ActiveCfg = Debug|Any CPU
		{954718CD-D33E-42E8-8353-87476DF3344F}.Debug|Any CPU.Build.0 = Debug|Any CPU
		{954718CD-D33E-42E8-8353-87476DF3344F}.Debug|x64.ActiveCfg = Debug|Any CPU
		{954718CD-D33E-42E8-8353-87476DF3344F}.Debug|x64.Build.0 = Debug|Any CPU
		{954718CD-D33E-42E8-8353-87476DF3344F}.Debug|x86.ActiveCfg = Debug|Any CPU
		{954718CD-D33E-42E8-8353-87476DF3344F}.Debug|x86.Build.0 = Debug|Any CPU
		{954718CD-D33E-42E8-8353-87476DF3344F}.Release|Any CPU.ActiveCfg = Release|Any CPU
		{954718CD-D33E-42E8-8353-87476DF3344F}.Release|Any CPU.Build.0 = Release|Any CPU
		{954718CD-D33E-42E8-8353-87476DF3344F}.Release|x64.ActiveCfg = Release|Any CPU
		{954718CD-D33E-42E8-8353-87476DF3344F}.Release|x64.Build.0 = Release|Any CPU
		{954718CD-D33E-42E8-8353-87476DF3344F}.Release|x86.ActiveCfg = Release|Any CPU
		{954718CD-D33E-42E8-8353-87476DF3344F}.Release|x86.Build.0 = Release|Any CPU
		{B3C130BA-9395-49F2-B4AF-964D7342E453}.Debug|Any CPU.ActiveCfg = Debug|Any CPU
		{B3C130BA-9395-49F2-B4AF-964D7342E453}.Debug|Any CPU.Build.0 = Debug|Any CPU
		{B3C130BA-9395-49F2-B4AF-964D7342E453}.Debug|x64.ActiveCfg = Debug|Any CPU
		{B3C130BA-9395-49F2-B4AF-964D7342E453}.Debug|x64.Build.0 = Debug|Any CPU
		{B3C130BA-9395-49F2-B4AF-964D7342E453}.Debug|x86.ActiveCfg = Debug|Any CPU
		{B3C130BA-9395-49F2-B4AF-964D7342E453}.Debug|x86.Build.0 = Debug|Any CPU
		{B3C130BA-9395-49F2-B4AF-964D7342E453}.Release|Any CPU.ActiveCfg = Release|Any CPU
		{B3C130BA-9395-49F2-B4AF-964D7342E453}.Release|Any CPU.Build.0 = Release|Any CPU
		{B3C130BA-9395-49F2-B4AF-964D7342E453}.Release|x64.ActiveCfg = Release|Any CPU
		{B3C130BA-9395-49F2-B4AF-964D7342E453}.Release|x64.Build.0 = Release|Any CPU
		{B3C130BA-9395-49F2-B4AF-964D7342E453}.Release|x86.ActiveCfg = Release|Any CPU
		{B3C130BA-9395-49F2-B4AF-964D7342E453}.Release|x86.Build.0 = Release|Any CPU
		{3243F7A8-A212-4823-8EC7-D35403AC73AF}.Debug|Any CPU.ActiveCfg = Debug|Any CPU
		{3243F7A8-A212-4823-8EC7-D35403AC73AF}.Debug|Any CPU.Build.0 = Debug|Any CPU
		{3243F7A8-A212-4823-8EC7-D35403AC73AF}.Debug|x64.ActiveCfg = Debug|Any CPU
		{3243F7A8-A212-4823-8EC7-D35403AC73AF}.Debug|x64.Build.0 = Debug|Any CPU
		{3243F7A8-A212-4823-8EC7-D35403AC73AF}.Debug|x86.ActiveCfg = Debug|Any CPU
		{3243F7A8-A212-4823-8EC7-D35403AC73AF}.Debug|x86.Build.0 = Debug|Any CPU
		{3243F7A8-A212-4823-8EC7-D35403AC73AF}.Release|Any CPU.ActiveCfg = Release|Any CPU
		{3243F7A8-A212-4823-8EC7-D35403AC73AF}.Release|Any CPU.Build.0 = Release|Any CPU
		{3243F7A8-A212-4823-8EC7-D35403AC73AF}.Release|x64.ActiveCfg = Release|Any CPU
		{3243F7A8-A212-4823-8EC7-D35403AC73AF}.Release|x64.Build.0 = Release|Any CPU
		{3243F7A8-A212-4823-8EC7-D35403AC73AF}.Release|x86.ActiveCfg = Release|Any CPU
		{3243F7A8-A212-4823-8EC7-D35403AC73AF}.Release|x86.Build.0 = Release|Any CPU
		{48904E4D-4FB3-4366-810C-1EDDBC9A1362}.Debug|Any CPU.ActiveCfg = Debug|Any CPU
		{48904E4D-4FB3-4366-810C-1EDDBC9A1362}.Debug|Any CPU.Build.0 = Debug|Any CPU
		{48904E4D-4FB3-4366-810C-1EDDBC9A1362}.Debug|x64.ActiveCfg = Debug|Any CPU
		{48904E4D-4FB3-4366-810C-1EDDBC9A1362}.Debug|x64.Build.0 = Debug|Any CPU
		{48904E4D-4FB3-4366-810C-1EDDBC9A1362}.Debug|x86.ActiveCfg = Debug|Any CPU
		{48904E4D-4FB3-4366-810C-1EDDBC9A1362}.Debug|x86.Build.0 = Debug|Any CPU
		{48904E4D-4FB3-4366-810C-1EDDBC9A1362}.Release|Any CPU.ActiveCfg = Release|Any CPU
		{48904E4D-4FB3-4366-810C-1EDDBC9A1362}.Release|Any CPU.Build.0 = Release|Any CPU
		{48904E4D-4FB3-4366-810C-1EDDBC9A1362}.Release|x64.ActiveCfg = Release|Any CPU
		{48904E4D-4FB3-4366-810C-1EDDBC9A1362}.Release|x64.Build.0 = Release|Any CPU
		{48904E4D-4FB3-4366-810C-1EDDBC9A1362}.Release|x86.ActiveCfg = Release|Any CPU
		{48904E4D-4FB3-4366-810C-1EDDBC9A1362}.Release|x86.Build.0 = Release|Any CPU
		{5E4F11AE-774F-4DF9-B13F-C2EC7A57636C}.Debug|Any CPU.ActiveCfg = Debug|Any CPU
		{5E4F11AE-774F-4DF9-B13F-C2EC7A57636C}.Debug|Any CPU.Build.0 = Debug|Any CPU
		{5E4F11AE-774F-4DF9-B13F-C2EC7A57636C}.Debug|x64.ActiveCfg = Debug|Any CPU
		{5E4F11AE-774F-4DF9-B13F-C2EC7A57636C}.Debug|x64.Build.0 = Debug|Any CPU
		{5E4F11AE-774F-4DF9-B13F-C2EC7A57636C}.Debug|x86.ActiveCfg = Debug|Any CPU
		{5E4F11AE-774F-4DF9-B13F-C2EC7A57636C}.Debug|x86.Build.0 = Debug|Any CPU
		{5E4F11AE-774F-4DF9-B13F-C2EC7A57636C}.Release|Any CPU.ActiveCfg = Release|Any CPU
		{5E4F11AE-774F-4DF9-B13F-C2EC7A57636C}.Release|Any CPU.Build.0 = Release|Any CPU
		{5E4F11AE-774F-4DF9-B13F-C2EC7A57636C}.Release|x64.ActiveCfg = Release|Any CPU
		{5E4F11AE-774F-4DF9-B13F-C2EC7A57636C}.Release|x64.Build.0 = Release|Any CPU
		{5E4F11AE-774F-4DF9-B13F-C2EC7A57636C}.Release|x86.ActiveCfg = Release|Any CPU
		{5E4F11AE-774F-4DF9-B13F-C2EC7A57636C}.Release|x86.Build.0 = Release|Any CPU
		{86550C5E-D9FE-4573-90A1-A385233F5985}.Debug|Any CPU.ActiveCfg = Debug|Any CPU
		{86550C5E-D9FE-4573-90A1-A385233F5985}.Debug|Any CPU.Build.0 = Debug|Any CPU
		{86550C5E-D9FE-4573-90A1-A385233F5985}.Debug|x64.ActiveCfg = Debug|Any CPU
		{86550C5E-D9FE-4573-90A1-A385233F5985}.Debug|x64.Build.0 = Debug|Any CPU
		{86550C5E-D9FE-4573-90A1-A385233F5985}.Debug|x86.ActiveCfg = Debug|Any CPU
		{86550C5E-D9FE-4573-90A1-A385233F5985}.Debug|x86.Build.0 = Debug|Any CPU
		{86550C5E-D9FE-4573-90A1-A385233F5985}.Release|Any CPU.ActiveCfg = Release|Any CPU
		{86550C5E-D9FE-4573-90A1-A385233F5985}.Release|Any CPU.Build.0 = Release|Any CPU
		{86550C5E-D9FE-4573-90A1-A385233F5985}.Release|x64.ActiveCfg = Release|Any CPU
		{86550C5E-D9FE-4573-90A1-A385233F5985}.Release|x64.Build.0 = Release|Any CPU
		{86550C5E-D9FE-4573-90A1-A385233F5985}.Release|x86.ActiveCfg = Release|Any CPU
		{86550C5E-D9FE-4573-90A1-A385233F5985}.Release|x86.Build.0 = Release|Any CPU
		{31546263-099B-403B-93A5-B10005EA7E64}.Debug|Any CPU.ActiveCfg = Debug|Any CPU
		{31546263-099B-403B-93A5-B10005EA7E64}.Debug|Any CPU.Build.0 = Debug|Any CPU
		{31546263-099B-403B-93A5-B10005EA7E64}.Debug|x64.ActiveCfg = Debug|Any CPU
		{31546263-099B-403B-93A5-B10005EA7E64}.Debug|x64.Build.0 = Debug|Any CPU
		{31546263-099B-403B-93A5-B10005EA7E64}.Debug|x86.ActiveCfg = Debug|Any CPU
		{31546263-099B-403B-93A5-B10005EA7E64}.Debug|x86.Build.0 = Debug|Any CPU
		{31546263-099B-403B-93A5-B10005EA7E64}.Release|Any CPU.ActiveCfg = Release|Any CPU
		{31546263-099B-403B-93A5-B10005EA7E64}.Release|Any CPU.Build.0 = Release|Any CPU
		{31546263-099B-403B-93A5-B10005EA7E64}.Release|x64.ActiveCfg = Release|Any CPU
		{31546263-099B-403B-93A5-B10005EA7E64}.Release|x64.Build.0 = Release|Any CPU
		{31546263-099B-403B-93A5-B10005EA7E64}.Release|x86.ActiveCfg = Release|Any CPU
		{31546263-099B-403B-93A5-B10005EA7E64}.Release|x86.Build.0 = Release|Any CPU
		{5985B5B1-33B8-4675-822B-6CA659C72A8A}.Debug|Any CPU.ActiveCfg = Debug|Any CPU
		{5985B5B1-33B8-4675-822B-6CA659C72A8A}.Debug|Any CPU.Build.0 = Debug|Any CPU
		{5985B5B1-33B8-4675-822B-6CA659C72A8A}.Debug|x64.ActiveCfg = Debug|Any CPU
		{5985B5B1-33B8-4675-822B-6CA659C72A8A}.Debug|x64.Build.0 = Debug|Any CPU
		{5985B5B1-33B8-4675-822B-6CA659C72A8A}.Debug|x86.ActiveCfg = Debug|Any CPU
		{5985B5B1-33B8-4675-822B-6CA659C72A8A}.Debug|x86.Build.0 = Debug|Any CPU
		{5985B5B1-33B8-4675-822B-6CA659C72A8A}.Release|Any CPU.ActiveCfg = Release|Any CPU
		{5985B5B1-33B8-4675-822B-6CA659C72A8A}.Release|Any CPU.Build.0 = Release|Any CPU
		{5985B5B1-33B8-4675-822B-6CA659C72A8A}.Release|x64.ActiveCfg = Release|Any CPU
		{5985B5B1-33B8-4675-822B-6CA659C72A8A}.Release|x64.Build.0 = Release|Any CPU
		{5985B5B1-33B8-4675-822B-6CA659C72A8A}.Release|x86.ActiveCfg = Release|Any CPU
		{5985B5B1-33B8-4675-822B-6CA659C72A8A}.Release|x86.Build.0 = Release|Any CPU
		{17EDC7FD-1202-44BC-B2F5-E9F5614D037D}.Debug|Any CPU.ActiveCfg = Debug|Any CPU
		{17EDC7FD-1202-44BC-B2F5-E9F5614D037D}.Debug|Any CPU.Build.0 = Debug|Any CPU
		{17EDC7FD-1202-44BC-B2F5-E9F5614D037D}.Debug|x64.ActiveCfg = Debug|Any CPU
		{17EDC7FD-1202-44BC-B2F5-E9F5614D037D}.Debug|x64.Build.0 = Debug|Any CPU
		{17EDC7FD-1202-44BC-B2F5-E9F5614D037D}.Debug|x86.ActiveCfg = Debug|Any CPU
		{17EDC7FD-1202-44BC-B2F5-E9F5614D037D}.Debug|x86.Build.0 = Debug|Any CPU
		{17EDC7FD-1202-44BC-B2F5-E9F5614D037D}.Release|Any CPU.ActiveCfg = Release|Any CPU
		{17EDC7FD-1202-44BC-B2F5-E9F5614D037D}.Release|Any CPU.Build.0 = Release|Any CPU
		{17EDC7FD-1202-44BC-B2F5-E9F5614D037D}.Release|x64.ActiveCfg = Release|Any CPU
		{17EDC7FD-1202-44BC-B2F5-E9F5614D037D}.Release|x64.Build.0 = Release|Any CPU
		{17EDC7FD-1202-44BC-B2F5-E9F5614D037D}.Release|x86.ActiveCfg = Release|Any CPU
		{17EDC7FD-1202-44BC-B2F5-E9F5614D037D}.Release|x86.Build.0 = Release|Any CPU
		{0A0EF666-F3B6-496D-8AC6-B331FEA10679}.Debug|Any CPU.ActiveCfg = Debug|Any CPU
		{0A0EF666-F3B6-496D-8AC6-B331FEA10679}.Debug|Any CPU.Build.0 = Debug|Any CPU
		{0A0EF666-F3B6-496D-8AC6-B331FEA10679}.Debug|x64.ActiveCfg = Debug|Any CPU
		{0A0EF666-F3B6-496D-8AC6-B331FEA10679}.Debug|x64.Build.0 = Debug|Any CPU
		{0A0EF666-F3B6-496D-8AC6-B331FEA10679}.Debug|x86.ActiveCfg = Debug|Any CPU
		{0A0EF666-F3B6-496D-8AC6-B331FEA10679}.Debug|x86.Build.0 = Debug|Any CPU
		{0A0EF666-F3B6-496D-8AC6-B331FEA10679}.Release|Any CPU.ActiveCfg = Release|Any CPU
		{0A0EF666-F3B6-496D-8AC6-B331FEA10679}.Release|Any CPU.Build.0 = Release|Any CPU
		{0A0EF666-F3B6-496D-8AC6-B331FEA10679}.Release|x64.ActiveCfg = Release|Any CPU
		{0A0EF666-F3B6-496D-8AC6-B331FEA10679}.Release|x64.Build.0 = Release|Any CPU
		{0A0EF666-F3B6-496D-8AC6-B331FEA10679}.Release|x86.ActiveCfg = Release|Any CPU
		{0A0EF666-F3B6-496D-8AC6-B331FEA10679}.Release|x86.Build.0 = Release|Any CPU
		{0D20BCDD-6733-4272-9C46-04B1ABFDBA01}.Debug|Any CPU.ActiveCfg = Debug|Any CPU
		{0D20BCDD-6733-4272-9C46-04B1ABFDBA01}.Debug|Any CPU.Build.0 = Debug|Any CPU
		{0D20BCDD-6733-4272-9C46-04B1ABFDBA01}.Debug|x64.ActiveCfg = Debug|Any CPU
		{0D20BCDD-6733-4272-9C46-04B1ABFDBA01}.Debug|x64.Build.0 = Debug|Any CPU
		{0D20BCDD-6733-4272-9C46-04B1ABFDBA01}.Debug|x86.ActiveCfg = Debug|Any CPU
		{0D20BCDD-6733-4272-9C46-04B1ABFDBA01}.Debug|x86.Build.0 = Debug|Any CPU
		{0D20BCDD-6733-4272-9C46-04B1ABFDBA01}.Release|Any CPU.ActiveCfg = Release|Any CPU
		{0D20BCDD-6733-4272-9C46-04B1ABFDBA01}.Release|Any CPU.Build.0 = Release|Any CPU
		{0D20BCDD-6733-4272-9C46-04B1ABFDBA01}.Release|x64.ActiveCfg = Release|Any CPU
		{0D20BCDD-6733-4272-9C46-04B1ABFDBA01}.Release|x64.Build.0 = Release|Any CPU
		{0D20BCDD-6733-4272-9C46-04B1ABFDBA01}.Release|x86.ActiveCfg = Release|Any CPU
		{0D20BCDD-6733-4272-9C46-04B1ABFDBA01}.Release|x86.Build.0 = Release|Any CPU
	EndGlobalSection
	GlobalSection(SolutionProperties) = preSolution
		HideSolutionNode = FALSE
	EndGlobalSection
	GlobalSection(NestedProjects) = preSolution
		{A8D88259-3C3F-46D4-AE92-2B65D6AB2C16} = {827E0CD3-B72D-47B6-A68D-7590B98EB39B}
		{50C63B9E-9151-4BA9-B4A5-81A231E6D247} = {A8D88259-3C3F-46D4-AE92-2B65D6AB2C16}
		{E8B6D299-0036-48CB-8EC1-3940F3A524E1} = {A8D88259-3C3F-46D4-AE92-2B65D6AB2C16}
		{2F061903-C1CF-4D7F-9CBA-43AB7DE0BAE7} = {A8D88259-3C3F-46D4-AE92-2B65D6AB2C16}
		{65798B89-6A08-42EA-B755-97EF15475F82} = {A8D88259-3C3F-46D4-AE92-2B65D6AB2C16}
		{D78AF91F-700C-60D9-EEB2-7F5F8B7B0AD8} = {827E0CD3-B72D-47B6-A68D-7590B98EB39B}
		{E04201A7-F32E-4824-9503-F19A4798D9BB} = {D78AF91F-700C-60D9-EEB2-7F5F8B7B0AD8}
		{B4699A45-A33C-46CE-AC49-6B3F9BCE2925} = {D78AF91F-700C-60D9-EEB2-7F5F8B7B0AD8}
		{39588261-9498-4C8C-8800-2558D6216011} = {D78AF91F-700C-60D9-EEB2-7F5F8B7B0AD8}
		{40002836-A83D-45AF-96CC-A66E867714D0} = {D78AF91F-700C-60D9-EEB2-7F5F8B7B0AD8}
		{90298CBA-BD6F-3A0A-69D5-97CAD7B05E7E} = {827E0CD3-B72D-47B6-A68D-7590B98EB39B}
		{C92A0B3C-F306-3651-C119-886307923D07} = {90298CBA-BD6F-3A0A-69D5-97CAD7B05E7E}
		{954718CD-D33E-42E8-8353-87476DF3344F} = {C92A0B3C-F306-3651-C119-886307923D07}
		{7B461155-3BF7-0273-94FD-6F87250669C5} = {90298CBA-BD6F-3A0A-69D5-97CAD7B05E7E}
		{B3C130BA-9395-49F2-B4AF-964D7342E453} = {7B461155-3BF7-0273-94FD-6F87250669C5}
		{FBCB9EA0-C758-AB0B-6B9F-6A07F8B4A270} = {90298CBA-BD6F-3A0A-69D5-97CAD7B05E7E}
		{3243F7A8-A212-4823-8EC7-D35403AC73AF} = {FBCB9EA0-C758-AB0B-6B9F-6A07F8B4A270}
		{FF09CDE4-9C90-4AA9-CAAF-436515FE25DC} = {90298CBA-BD6F-3A0A-69D5-97CAD7B05E7E}
		{48904E4D-4FB3-4366-810C-1EDDBC9A1362} = {FF09CDE4-9C90-4AA9-CAAF-436515FE25DC}
		{5900FCD0-EA1D-761C-9B66-C5EADC046E86} = {90298CBA-BD6F-3A0A-69D5-97CAD7B05E7E}
		{5E4F11AE-774F-4DF9-B13F-C2EC7A57636C} = {5900FCD0-EA1D-761C-9B66-C5EADC046E86}
		{66C775CD-1A74-B73C-A9E1-80C402B5935A} = {90298CBA-BD6F-3A0A-69D5-97CAD7B05E7E}
		{86550C5E-D9FE-4573-90A1-A385233F5985} = {66C775CD-1A74-B73C-A9E1-80C402B5935A}
		{5F6796A4-F063-F4DF-30E2-92F5062D16E2} = {90298CBA-BD6F-3A0A-69D5-97CAD7B05E7E}
		{31546263-099B-403B-93A5-B10005EA7E64} = {5F6796A4-F063-F4DF-30E2-92F5062D16E2}
		{01CB4EA9-E1B3-2E39-98D8-9E453CDD0374} = {90298CBA-BD6F-3A0A-69D5-97CAD7B05E7E}
		{5985B5B1-33B8-4675-822B-6CA659C72A8A} = {01CB4EA9-E1B3-2E39-98D8-9E453CDD0374}
		{C688067A-2AF6-AE8D-4C59-CC60062209BC} = {90298CBA-BD6F-3A0A-69D5-97CAD7B05E7E}
		{17EDC7FD-1202-44BC-B2F5-E9F5614D037D} = {C688067A-2AF6-AE8D-4C59-CC60062209BC}
		{D39B6A55-12F2-DC5B-7FAD-086DF139DAA1} = {90298CBA-BD6F-3A0A-69D5-97CAD7B05E7E}
		{0A0EF666-F3B6-496D-8AC6-B331FEA10679} = {D39B6A55-12F2-DC5B-7FAD-086DF139DAA1}
		{6D95ABC4-7827-C0F7-0CDA-596EC594E7FF} = {90298CBA-BD6F-3A0A-69D5-97CAD7B05E7E}
		{0D20BCDD-6733-4272-9C46-04B1ABFDBA01} = {6D95ABC4-7827-C0F7-0CDA-596EC594E7FF}
	EndGlobalSection
	GlobalSection(ExtensibilityGlobals) = postSolution
		SolutionGuid = {4ECC35EF-6E23-4671-8C2D-D94DCA308949}
	EndGlobalSection
EndGlobal
